
Microsoft Visual Studio Solution File, Format Version 12.00
# Visual Studio Version 16
VisualStudioVersion = 16.0.32929.386
MinimumVisualStudioVersion = 10.0.40219.1
Project("{9A19103F-16F7-4668-BE54-9A1E7A4F7556}") = "Day01", "Day01\Day01.csproj", "{FF7EF3DD-4E7A-47DB-AEAE-63BB3A083F0F}"
EndProject
Project("{9A19103F-16F7-4668-BE54-9A1E7A4F7556}") = "Day02", "Day02\Day02.csproj", "{5DAA232B-9F03-4081-97FF-0222EBB5AE40}"
EndProject
Project("{9A19103F-16F7-4668-BE54-9A1E7A4F7556}") = "Day03", "Day03\Day03.csproj", "{935E61F4-77E3-4C89-BA4B-3DE85BB93C9A}"
EndProject
Project("{9A19103F-16F7-4668-BE54-9A1E7A4F7556}") = "Day04", "Day04\Day04.csproj", "{696DBD20-4571-4CB4-AD54-4D4537DE368D}"
EndProject
Project("{9A19103F-16F7-4668-BE54-9A1E7A4F7556}") = "_Template", "_Template\_Template.csproj", "{6F75F242-F350-46A0-8C3B-3D103D81E331}"
EndProject
Project("{9A19103F-16F7-4668-BE54-9A1E7A4F7556}") = "Day05", "Day05\Day05.csproj", "{F5352CB8-A317-4FAA-9A15-F62A3DC1DE85}"
EndProject
Project("{9A19103F-16F7-4668-BE54-9A1E7A4F7556}") = "Day06", "Day06\Day06.csproj", "{70E87C1E-4E9F-403F-9129-97BCFBC7CD7C}"
EndProject
Project("{9A19103F-16F7-4668-BE54-9A1E7A4F7556}") = "Day07", "Day07\Day07.csproj", "{37684298-71C5-4D7F-8BB6-AE02065C052A}"
EndProject
Project("{9A19103F-16F7-4668-BE54-9A1E7A4F7556}") = "Day08", "Day08\Day08.csproj", "{2041CB43-AB67-44EF-AE23-CBA8087C6E23}"
EndProject
Project("{9A19103F-16F7-4668-BE54-9A1E7A4F7556}") = "Day09", "Day09\Day09.csproj", "{75745A77-AD85-4E9E-BC30-9A6C5A23752D}"
EndProject
Project("{9A19103F-16F7-4668-BE54-9A1E7A4F7556}") = "Day10", "Day10\Day10.csproj", "{E23C49CF-1BB5-415E-99A6-5AA4B6481441}"
EndProject
Project("{9A19103F-16F7-4668-BE54-9A1E7A4F7556}") = "Day11", "Day11\Day11.csproj", "{EEE2823A-B4C0-440D-9FB8-7DAAD2B46ABE}"
EndProject
Project("{9A19103F-16F7-4668-BE54-9A1E7A4F7556}") = "Day12", "Day12\Day12.csproj", "{49D1C10A-95B3-49E5-9547-093AAAE4A42B}"
EndProject
Project("{9A19103F-16F7-4668-BE54-9A1E7A4F7556}") = "Day13", "Day13\Day13.csproj", "{CC80B75A-7434-4F1A-BB9E-6F5895EC7285}"
EndProject
Project("{9A19103F-16F7-4668-BE54-9A1E7A4F7556}") = "Day14", "Day14\Day14.csproj", "{E9AD6663-0A03-48E9-A1CA-150784BB3D3A}"
EndProject
Project("{9A19103F-16F7-4668-BE54-9A1E7A4F7556}") = "Day15", "Day15\Day15.csproj", "{CD1EBBA5-F8E6-4E3A-88A2-8655CD8D7ED5}"
EndProject
Project("{FAE04EC0-301F-11D3-BF4B-00C04F79EFBC}") = "Day16", "Day16\Day16.csproj", "{0631CD0D-B401-4AB8-B810-0183AC20BF78}"
EndProject
Project("{FAE04EC0-301F-11D3-BF4B-00C04F79EFBC}") = "Day17", "Day17\Day17.csproj", "{58F3BFAD-0E50-4DFD-93B4-730B0551D541}"
EndProject
Global
	GlobalSection(SolutionConfigurationPlatforms) = preSolution
		Debug|Any CPU = Debug|Any CPU
		Release|Any CPU = Release|Any CPU
	EndGlobalSection
	GlobalSection(ProjectConfigurationPlatforms) = postSolution
		{FF7EF3DD-4E7A-47DB-AEAE-63BB3A083F0F}.Debug|Any CPU.ActiveCfg = Debug|Any CPU
		{FF7EF3DD-4E7A-47DB-AEAE-63BB3A083F0F}.Debug|Any CPU.Build.0 = Debug|Any CPU
		{FF7EF3DD-4E7A-47DB-AEAE-63BB3A083F0F}.Release|Any CPU.ActiveCfg = Release|Any CPU
		{FF7EF3DD-4E7A-47DB-AEAE-63BB3A083F0F}.Release|Any CPU.Build.0 = Release|Any CPU
		{5DAA232B-9F03-4081-97FF-0222EBB5AE40}.Debug|Any CPU.ActiveCfg = Debug|Any CPU
		{5DAA232B-9F03-4081-97FF-0222EBB5AE40}.Debug|Any CPU.Build.0 = Debug|Any CPU
		{5DAA232B-9F03-4081-97FF-0222EBB5AE40}.Release|Any CPU.ActiveCfg = Release|Any CPU
		{5DAA232B-9F03-4081-97FF-0222EBB5AE40}.Release|Any CPU.Build.0 = Release|Any CPU
		{935E61F4-77E3-4C89-BA4B-3DE85BB93C9A}.Debug|Any CPU.ActiveCfg = Debug|Any CPU
		{935E61F4-77E3-4C89-BA4B-3DE85BB93C9A}.Debug|Any CPU.Build.0 = Debug|Any CPU
		{935E61F4-77E3-4C89-BA4B-3DE85BB93C9A}.Release|Any CPU.ActiveCfg = Release|Any CPU
		{935E61F4-77E3-4C89-BA4B-3DE85BB93C9A}.Release|Any CPU.Build.0 = Release|Any CPU
		{696DBD20-4571-4CB4-AD54-4D4537DE368D}.Debug|Any CPU.ActiveCfg = Debug|Any CPU
		{696DBD20-4571-4CB4-AD54-4D4537DE368D}.Debug|Any CPU.Build.0 = Debug|Any CPU
		{696DBD20-4571-4CB4-AD54-4D4537DE368D}.Release|Any CPU.ActiveCfg = Release|Any CPU
		{696DBD20-4571-4CB4-AD54-4D4537DE368D}.Release|Any CPU.Build.0 = Release|Any CPU
		{6F75F242-F350-46A0-8C3B-3D103D81E331}.Debug|Any CPU.ActiveCfg = Debug|Any CPU
		{6F75F242-F350-46A0-8C3B-3D103D81E331}.Debug|Any CPU.Build.0 = Debug|Any CPU
		{6F75F242-F350-46A0-8C3B-3D103D81E331}.Release|Any CPU.ActiveCfg = Release|Any CPU
		{6F75F242-F350-46A0-8C3B-3D103D81E331}.Release|Any CPU.Build.0 = Release|Any CPU
		{F5352CB8-A317-4FAA-9A15-F62A3DC1DE85}.Debug|Any CPU.ActiveCfg = Debug|Any CPU
		{F5352CB8-A317-4FAA-9A15-F62A3DC1DE85}.Debug|Any CPU.Build.0 = Debug|Any CPU
		{F5352CB8-A317-4FAA-9A15-F62A3DC1DE85}.Release|Any CPU.ActiveCfg = Release|Any CPU
		{F5352CB8-A317-4FAA-9A15-F62A3DC1DE85}.Release|Any CPU.Build.0 = Release|Any CPU
		{70E87C1E-4E9F-403F-9129-97BCFBC7CD7C}.Debug|Any CPU.ActiveCfg = Debug|Any CPU
		{70E87C1E-4E9F-403F-9129-97BCFBC7CD7C}.Debug|Any CPU.Build.0 = Debug|Any CPU
		{70E87C1E-4E9F-403F-9129-97BCFBC7CD7C}.Release|Any CPU.ActiveCfg = Release|Any CPU
		{70E87C1E-4E9F-403F-9129-97BCFBC7CD7C}.Release|Any CPU.Build.0 = Release|Any CPU
		{37684298-71C5-4D7F-8BB6-AE02065C052A}.Debug|Any CPU.ActiveCfg = Debug|Any CPU
		{37684298-71C5-4D7F-8BB6-AE02065C052A}.Debug|Any CPU.Build.0 = Debug|Any CPU
		{37684298-71C5-4D7F-8BB6-AE02065C052A}.Release|Any CPU.ActiveCfg = Release|Any CPU
		{37684298-71C5-4D7F-8BB6-AE02065C052A}.Release|Any CPU.Build.0 = Release|Any CPU
		{2041CB43-AB67-44EF-AE23-CBA8087C6E23}.Debug|Any CPU.ActiveCfg = Debug|Any CPU
		{2041CB43-AB67-44EF-AE23-CBA8087C6E23}.Debug|Any CPU.Build.0 = Debug|Any CPU
		{2041CB43-AB67-44EF-AE23-CBA8087C6E23}.Release|Any CPU.ActiveCfg = Release|Any CPU
		{2041CB43-AB67-44EF-AE23-CBA8087C6E23}.Release|Any CPU.Build.0 = Release|Any CPU
		{75745A77-AD85-4E9E-BC30-9A6C5A23752D}.Debug|Any CPU.ActiveCfg = Debug|Any CPU
		{75745A77-AD85-4E9E-BC30-9A6C5A23752D}.Debug|Any CPU.Build.0 = Debug|Any CPU
		{75745A77-AD85-4E9E-BC30-9A6C5A23752D}.Release|Any CPU.ActiveCfg = Release|Any CPU
		{75745A77-AD85-4E9E-BC30-9A6C5A23752D}.Release|Any CPU.Build.0 = Release|Any CPU
		{E23C49CF-1BB5-415E-99A6-5AA4B6481441}.Debug|Any CPU.ActiveCfg = Debug|Any CPU
		{E23C49CF-1BB5-415E-99A6-5AA4B6481441}.Debug|Any CPU.Build.0 = Debug|Any CPU
		{E23C49CF-1BB5-415E-99A6-5AA4B6481441}.Release|Any CPU.ActiveCfg = Release|Any CPU
		{E23C49CF-1BB5-415E-99A6-5AA4B6481441}.Release|Any CPU.Build.0 = Release|Any CPU
		{EEE2823A-B4C0-440D-9FB8-7DAAD2B46ABE}.Debug|Any CPU.ActiveCfg = Debug|Any CPU
		{EEE2823A-B4C0-440D-9FB8-7DAAD2B46ABE}.Debug|Any CPU.Build.0 = Debug|Any CPU
		{EEE2823A-B4C0-440D-9FB8-7DAAD2B46ABE}.Release|Any CPU.ActiveCfg = Release|Any CPU
		{EEE2823A-B4C0-440D-9FB8-7DAAD2B46ABE}.Release|Any CPU.Build.0 = Release|Any CPU
		{49D1C10A-95B3-49E5-9547-093AAAE4A42B}.Debug|Any CPU.ActiveCfg = Debug|Any CPU
		{49D1C10A-95B3-49E5-9547-093AAAE4A42B}.Debug|Any CPU.Build.0 = Debug|Any CPU
		{49D1C10A-95B3-49E5-9547-093AAAE4A42B}.Release|Any CPU.ActiveCfg = Release|Any CPU
		{49D1C10A-95B3-49E5-9547-093AAAE4A42B}.Release|Any CPU.Build.0 = Release|Any CPU
		{CC80B75A-7434-4F1A-BB9E-6F5895EC7285}.Debug|Any CPU.ActiveCfg = Debug|Any CPU
		{CC80B75A-7434-4F1A-BB9E-6F5895EC7285}.Debug|Any CPU.Build.0 = Debug|Any CPU
		{CC80B75A-7434-4F1A-BB9E-6F5895EC7285}.Release|Any CPU.ActiveCfg = Release|Any CPU
		{CC80B75A-7434-4F1A-BB9E-6F5895EC7285}.Release|Any CPU.Build.0 = Release|Any CPU
		{E9AD6663-0A03-48E9-A1CA-150784BB3D3A}.Debug|Any CPU.ActiveCfg = Debug|Any CPU
		{E9AD6663-0A03-48E9-A1CA-150784BB3D3A}.Debug|Any CPU.Build.0 = Debug|Any CPU
		{E9AD6663-0A03-48E9-A1CA-150784BB3D3A}.Release|Any CPU.ActiveCfg = Release|Any CPU
		{E9AD6663-0A03-48E9-A1CA-150784BB3D3A}.Release|Any CPU.Build.0 = Release|Any CPU
		{CD1EBBA5-F8E6-4E3A-88A2-8655CD8D7ED5}.Debug|Any CPU.ActiveCfg = Debug|Any CPU
		{CD1EBBA5-F8E6-4E3A-88A2-8655CD8D7ED5}.Debug|Any CPU.Build.0 = Debug|Any CPU
		{CD1EBBA5-F8E6-4E3A-88A2-8655CD8D7ED5}.Release|Any CPU.ActiveCfg = Release|Any CPU
		{CD1EBBA5-F8E6-4E3A-88A2-8655CD8D7ED5}.Release|Any CPU.Build.0 = Release|Any CPU
		{0631CD0D-B401-4AB8-B810-0183AC20BF78}.Debug|Any CPU.ActiveCfg = Debug|Any CPU
		{0631CD0D-B401-4AB8-B810-0183AC20BF78}.Debug|Any CPU.Build.0 = Debug|Any CPU
		{0631CD0D-B401-4AB8-B810-0183AC20BF78}.Release|Any CPU.ActiveCfg = Release|Any CPU
		{0631CD0D-B401-4AB8-B810-0183AC20BF78}.Release|Any CPU.Build.0 = Release|Any CPU
		{58F3BFAD-0E50-4DFD-93B4-730B0551D541}.Debug|Any CPU.ActiveCfg = Debug|Any CPU
		{58F3BFAD-0E50-4DFD-93B4-730B0551D541}.Debug|Any CPU.Build.0 = Debug|Any CPU
		{58F3BFAD-0E50-4DFD-93B4-730B0551D541}.Release|Any CPU.ActiveCfg = Release|Any CPU
		{58F3BFAD-0E50-4DFD-93B4-730B0551D541}.Release|Any CPU.Build.0 = Release|Any CPU
	EndGlobalSection
	GlobalSection(SolutionProperties) = preSolution
		HideSolutionNode = FALSE
	EndGlobalSection
	GlobalSection(ExtensibilityGlobals) = postSolution
		SolutionGuid = {12F767E5-C9D9-4D75-82FD-DE3F5A024BB8}
	EndGlobalSection
EndGlobal
