
Microsoft Visual Studio Solution File, Format Version 12.00
# Visual Studio Version 16
VisualStudioVersion = 16.0.32929.386
MinimumVisualStudioVersion = 10.0.40219.1
Project("{9A19103F-16F7-4668-BE54-9A1E7A4F7556}") = "Day01", "Day01\Day01.csproj", "{FF7EF3DD-4E7A-47DB-AEAE-63BB3A083F0F}"
EndProject
Project("{9A19103F-16F7-4668-BE54-9A1E7A4F7556}") = "Day02", "Day02\Day02.csproj", "{5DAA232B-9F03-4081-97FF-0222EBB5AE40}"
EndProject
Project("{9A19103F-16F7-4668-BE54-9A1E7A4F7556}") = "Day03", "Day03\Day03.csproj", "{935E61F4-77E3-4C89-BA4B-3DE85BB93C9A}"
EndProject
Project("{9A19103F-16F7-4668-BE54-9A1E7A4F7556}") = "Day04", "Day04\Day04.csproj", "{696DBD20-4571-4CB4-AD54-4D4537DE368D}"
EndProject
Project("{9A19103F-16F7-4668-BE54-9A1E7A4F7556}") = "_Template", "_Template\_Template.csproj", "{6F75F242-F350-46A0-8C3B-3D103D81E331}"
EndProject
Project("{9A19103F-16F7-4668-BE54-9A1E7A4F7556}") = "Day05", "Day05\Day05.csproj", "{F5352CB8-A317-4FAA-9A15-F62A3DC1DE85}"
EndProject
Project("{FAE04EC0-301F-11D3-BF4B-00C04F79EFBC}") = "Day06", "Day06\Day06.csproj", "{70E87C1E-4E9F-403F-9129-97BCFBC7CD7C}"
EndProject
Global
	GlobalSection(SolutionConfigurationPlatforms) = preSolution
		Debug|Any CPU = Debug|Any CPU
		Release|Any CPU = Release|Any CPU
	EndGlobalSection
	GlobalSection(ProjectConfigurationPlatforms) = postSolution
		{FF7EF3DD-4E7A-47DB-AEAE-63BB3A083F0F}.Debug|Any CPU.ActiveCfg = Debug|Any CPU
		{FF7EF3DD-4E7A-47DB-AEAE-63BB3A083F0F}.Debug|Any CPU.Build.0 = Debug|Any CPU
		{FF7EF3DD-4E7A-47DB-AEAE-63BB3A083F0F}.Release|Any CPU.ActiveCfg = Release|Any CPU
		{FF7EF3DD-4E7A-47DB-AEAE-63BB3A083F0F}.Release|Any CPU.Build.0 = Release|Any CPU
		{5DAA232B-9F03-4081-97FF-0222EBB5AE40}.Debug|Any CPU.ActiveCfg = Debug|Any CPU
		{5DAA232B-9F03-4081-97FF-0222EBB5AE40}.Debug|Any CPU.Build.0 = Debug|Any CPU
		{5DAA232B-9F03-4081-97FF-0222EBB5AE40}.Release|Any CPU.ActiveCfg = Release|Any CPU
		{5DAA232B-9F03-4081-97FF-0222EBB5AE40}.Release|Any CPU.Build.0 = Release|Any CPU
		{935E61F4-77E3-4C89-BA4B-3DE85BB93C9A}.Debug|Any CPU.ActiveCfg = Debug|Any CPU
		{935E61F4-77E3-4C89-BA4B-3DE85BB93C9A}.Debug|Any CPU.Build.0 = Debug|Any CPU
		{935E61F4-77E3-4C89-BA4B-3DE85BB93C9A}.Release|Any CPU.ActiveCfg = Release|Any CPU
		{935E61F4-77E3-4C89-BA4B-3DE85BB93C9A}.Release|Any CPU.Build.0 = Release|Any CPU
		{696DBD20-4571-4CB4-AD54-4D4537DE368D}.Debug|Any CPU.ActiveCfg = Debug|Any CPU
		{696DBD20-4571-4CB4-AD54-4D4537DE368D}.Debug|Any CPU.Build.0 = Debug|Any CPU
		{696DBD20-4571-4CB4-AD54-4D4537DE368D}.Release|Any CPU.ActiveCfg = Release|Any CPU
		{696DBD20-4571-4CB4-AD54-4D4537DE368D}.Release|Any CPU.Build.0 = Release|Any CPU
		{6F75F242-F350-46A0-8C3B-3D103D81E331}.Debug|Any CPU.ActiveCfg = Debug|Any CPU
		{6F75F242-F350-46A0-8C3B-3D103D81E331}.Debug|Any CPU.Build.0 = Debug|Any CPU
		{6F75F242-F350-46A0-8C3B-3D103D81E331}.Release|Any CPU.ActiveCfg = Release|Any CPU
		{6F75F242-F350-46A0-8C3B-3D103D81E331}.Release|Any CPU.Build.0 = Release|Any CPU
		{F5352CB8-A317-4FAA-9A15-F62A3DC1DE85}.Debug|Any CPU.ActiveCfg = Debug|Any CPU
		{F5352CB8-A317-4FAA-9A15-F62A3DC1DE85}.Debug|Any CPU.Build.0 = Debug|Any CPU
		{F5352CB8-A317-4FAA-9A15-F62A3DC1DE85}.Release|Any CPU.ActiveCfg = Release|Any CPU
		{F5352CB8-A317-4FAA-9A15-F62A3DC1DE85}.Release|Any CPU.Build.0 = Release|Any CPU
		{70E87C1E-4E9F-403F-9129-97BCFBC7CD7C}.Debug|Any CPU.ActiveCfg = Debug|Any CPU
		{70E87C1E-4E9F-403F-9129-97BCFBC7CD7C}.Debug|Any CPU.Build.0 = Debug|Any CPU
		{70E87C1E-4E9F-403F-9129-97BCFBC7CD7C}.Release|Any CPU.ActiveCfg = Release|Any CPU
		{70E87C1E-4E9F-403F-9129-97BCFBC7CD7C}.Release|Any CPU.Build.0 = Release|Any CPU
	EndGlobalSection
	GlobalSection(SolutionProperties) = preSolution
		HideSolutionNode = FALSE
	EndGlobalSection
	GlobalSection(ExtensibilityGlobals) = postSolution
		SolutionGuid = {12F767E5-C9D9-4D75-82FD-DE3F5A024BB8}
	EndGlobalSection
EndGlobal
